{
  "name": "simolax",
  "version": "1.0.0",
  "lockfileVersion": 1,
  "requires": true,
  "dependencies": {
    "@wordpress/prettier-config": {
      "version": "2.6.0",
      "resolved": "https://registry.npmjs.org/@wordpress/prettier-config/-/prettier-config-2.6.0.tgz",
      "integrity": "sha512-yvs/GhA1HTpgh1gA7sp0yDxRgvXYDvyTgFSIgCBkYYKyNnynED/D140BJjS4s4LGqdCFfEmcib/DHxL5HTWJ4g==",
      "dev": true
    },
    "prettier": {
      "version": "2.8.1",
      "resolved": "https://registry.npmjs.org/prettier/-/prettier-2.8.1.tgz",
      "integrity": "sha512-lqGoSJBQNJidqCHE80vqZJHWHRFoNYsSpP9AjFhlhi9ODCJA541svILes/+/1GM3VaL/abZi7cpFzOpdR9UPKg==",
      "dev": true
    }
  }
}
